
Microsoft Visual Studio Solution File, Format Version 12.00
# Visual Studio Version 16
VisualStudioVersion = 16.0.29215.179
MinimumVisualStudioVersion = 10.0.40219.1
Project("{8BC9CEB8-8B4A-11D0-8D11-00A0C91BC942}") = "p20", "p20\p20.vcxproj", "{988D1F13-0CE2-4D78-8F38-1E009E500F0F}"
EndProject
Global
	GlobalSection(SolutionConfigurationPlatforms) = preSolution
		Debug|x64 = Debug|x64
		Debug|x86 = Debug|x86
		Release|x64 = Release|x64
		Release|x86 = Release|x86
	EndGlobalSection
	GlobalSection(ProjectConfigurationPlatforms) = postSolution
		{988D1F13-0CE2-4D78-8F38-1E009E500F0F}.Debug|x64.ActiveCfg = Debug|x64
		{988D1F13-0CE2-4D78-8F38-1E009E500F0F}.Debug|x64.Build.0 = Debug|x64
		{988D1F13-0CE2-4D78-8F38-1E009E500F0F}.Debug|x86.ActiveCfg = Debug|Win32
		{988D1F13-0CE2-4D78-8F38-1E009E500F0F}.Debug|x86.Build.0 = Debug|Win32
		{988D1F13-0CE2-4D78-8F38-1E009E500F0F}.Release|x64.ActiveCfg = Release|x64
		{988D1F13-0CE2-4D78-8F38-1E009E500F0F}.Release|x64.Build.0 = Release|x64
		{988D1F13-0CE2-4D78-8F38-1E009E500F0F}.Release|x86.ActiveCfg = Release|Win32
		{988D1F13-0CE2-4D78-8F38-1E009E500F0F}.Release|x86.Build.0 = Release|Win32
	EndGlobalSection
	GlobalSection(SolutionProperties) = preSolution
		HideSolutionNode = FALSE
	EndGlobalSection
	GlobalSection(ExtensibilityGlobals) = postSolution
		SolutionGuid = {B0685898-9416-4B69-9862-D9364026C021}
	EndGlobalSection
EndGlobal
